// !$*UTF8*$!
{
	archiveVersion = 1;
	classes = {
	};
	objectVersion = 48;
	objects = {

/* Begin PBXBuildFile section */
		ACDA6B4F208E9E0E00026D4A /* AppDelegate.swift in Sources */ = {isa = PBXBuildFile; fileRef = ACDA6B4E208E9E0E00026D4A /* AppDelegate.swift */; };
		ACDA6B51208E9E0E00026D4A /* ViewController.swift in Sources */ = {isa = PBXBuildFile; fileRef = ACDA6B50208E9E0E00026D4A /* ViewController.swift */; };
		ACDA6B54208E9E0E00026D4A /* Main.storyboard in Resources */ = {isa = PBXBuildFile; fileRef = ACDA6B52208E9E0E00026D4A /* Main.storyboard */; };
		ACDA6B56208E9E0E00026D4A /* Assets.xcassets in Resources */ = {isa = PBXBuildFile; fileRef = ACDA6B55208E9E0E00026D4A /* Assets.xcassets */; };
		ACDA6B59208E9E0E00026D4A /* LaunchScreen.storyboard in Resources */ = {isa = PBXBuildFile; fileRef = ACDA6B57208E9E0E00026D4A /* LaunchScreen.storyboard */; };
		ACDA6B64208E9E0E00026D4A /* jeffersonborgesTests.swift in Sources */ = {isa = PBXBuildFile; fileRef = ACDA6B63208E9E0E00026D4A /* jeffersonborgesTests.swift */; };
		ACDA6B6F208E9E0E00026D4A /* jeffersonborgesUITests.swift in Sources */ = {isa = PBXBuildFile; fileRef = ACDA6B6E208E9E0E00026D4A /* jeffersonborgesUITests.swift */; };
/* End PBXBuildFile section */

/* Begin PBXContainerItemProxy section */
		ACDA6B60208E9E0E00026D4A /* PBXContainerItemProxy */ = {
			isa = PBXContainerItemProxy;
			containerPortal = ACDA6B43208E9E0E00026D4A /* Project object */;
			proxyType = 1;
			remoteGlobalIDString = ACDA6B4A208E9E0E00026D4A;
			remoteInfo = jeffersonborges;
		};
		ACDA6B6B208E9E0E00026D4A /* PBXContainerItemProxy */ = {
			isa = PBXContainerItemProxy;
			containerPortal = ACDA6B43208E9E0E00026D4A /* Project object */;
			proxyType = 1;
			remoteGlobalIDString = ACDA6B4A208E9E0E00026D4A;
			remoteInfo = jeffersonborges;
		};
/* End PBXContainerItemProxy section */

/* Begin PBXFileReference section */
		ACDA6B4B208E9E0E00026D4A /* jeffersonborges.app */ = {isa = PBXFileReference; explicitFileType = wrapper.application; includeInIndex = 0; path = jeffersonborges.app; sourceTree = BUILT_PRODUCTS_DIR; };
		ACDA6B4E208E9E0E00026D4A /* AppDelegate.swift */ = {isa = PBXFileReference; lastKnownFileType = sourcecode.swift; path = AppDelegate.swift; sourceTree = "<group>"; };
		ACDA6B50208E9E0E00026D4A /* ViewController.swift */ = {isa = PBXFileReference; lastKnownFileType = sourcecode.swift; path = ViewController.swift; sourceTree = "<group>"; };
		ACDA6B53208E9E0E00026D4A /* Base */ = {isa = PBXFileReference; lastKnownFileType = file.storyboard; name = Base; path = Base.lproj/Main.storyboard; sourceTree = "<group>"; };
		ACDA6B55208E9E0E00026D4A /* Assets.xcassets */ = {isa = PBXFileReference; lastKnownFileType = folder.assetcatalog; path = Assets.xcassets; sourceTree = "<group>"; };
		ACDA6B58208E9E0E00026D4A /* Base */ = {isa = PBXFileReference; lastKnownFileType = file.storyboard; name = Base; path = Base.lproj/LaunchScreen.storyboard; sourceTree = "<group>"; };
		ACDA6B5A208E9E0E00026D4A /* Info.plist */ = {isa = PBXFileReference; lastKnownFileType = text.plist.xml; path = Info.plist; sourceTree = "<group>"; };
		ACDA6B5F208E9E0E00026D4A /* jeffersonborgesTests.xctest */ = {isa = PBXFileReference; explicitFileType = wrapper.cfbundle; includeInIndex = 0; path = jeffersonborgesTests.xctest; sourceTree = BUILT_PRODUCTS_DIR; };
		ACDA6B63208E9E0E00026D4A /* jeffersonborgesTests.swift */ = {isa = PBXFileReference; lastKnownFileType = sourcecode.swift; path = jeffersonborgesTests.swift; sourceTree = "<group>"; };
		ACDA6B65208E9E0E00026D4A /* Info.plist */ = {isa = PBXFileReference; lastKnownFileType = text.plist.xml; path = Info.plist; sourceTree = "<group>"; };
		ACDA6B6A208E9E0E00026D4A /* jeffersonborgesUITests.xctest */ = {isa = PBXFileReference; explicitFileType = wrapper.cfbundle; includeInIndex = 0; path = jeffersonborgesUITests.xctest; sourceTree = BUILT_PRODUCTS_DIR; };
		ACDA6B6E208E9E0E00026D4A /* jeffersonborgesUITests.swift */ = {isa = PBXFileReference; lastKnownFileType = sourcecode.swift; path = jeffersonborgesUITests.swift; sourceTree = "<group>"; };
		ACDA6B70208E9E0E00026D4A /* Info.plist */ = {isa = PBXFileReference; lastKnownFileType = text.plist.xml; path = Info.plist; sourceTree = "<group>"; };
/* End PBXFileReference section */

/* Begin PBXFrameworksBuildPhase section */
		ACDA6B48208E9E0E00026D4A /* Frameworks */ = {
			isa = PBXFrameworksBuildPhase;
			buildActionMask = 2147483647;
			files = (
			);
			runOnlyForDeploymentPostprocessing = 0;
		};
		ACDA6B5C208E9E0E00026D4A /* Frameworks */ = {
			isa = PBXFrameworksBuildPhase;
			buildActionMask = 2147483647;
			files = (
			);
			runOnlyForDeploymentPostprocessing = 0;
		};
		ACDA6B67208E9E0E00026D4A /* Frameworks */ = {
			isa = PBXFrameworksBuildPhase;
			buildActionMask = 2147483647;
			files = (
			);
			runOnlyForDeploymentPostprocessing = 0;
		};
/* End PBXFrameworksBuildPhase section */

/* Begin PBXGroup section */
		ACDA6B42208E9E0E00026D4A = {
			isa = PBXGroup;
			children = (
				ACDA6B4D208E9E0E00026D4A /* jeffersonborges */,
				ACDA6B62208E9E0E00026D4A /* jeffersonborgesTests */,
				ACDA6B6D208E9E0E00026D4A /* jeffersonborgesUITests */,
				ACDA6B4C208E9E0E00026D4A /* Products */,
			);
			sourceTree = "<group>";
		};
		ACDA6B4C208E9E0E00026D4A /* Products */ = {
			isa = PBXGroup;
			children = (
				ACDA6B4B208E9E0E00026D4A /* jeffersonborges.app */,
				ACDA6B5F208E9E0E00026D4A /* jeffersonborgesTests.xctest */,
				ACDA6B6A208E9E0E00026D4A /* jeffersonborgesUITests.xctest */,
			);
			name = Products;
			sourceTree = "<group>";
		};
		ACDA6B4D208E9E0E00026D4A /* jeffersonborges */ = {
			isa = PBXGroup;
			children = (
				ACDA6B4E208E9E0E00026D4A /* AppDelegate.swift */,
				ACDA6B50208E9E0E00026D4A /* ViewController.swift */,
				ACDA6B52208E9E0E00026D4A /* Main.storyboard */,
				ACDA6B55208E9E0E00026D4A /* Assets.xcassets */,
				ACDA6B57208E9E0E00026D4A /* LaunchScreen.storyboard */,
				ACDA6B5A208E9E0E00026D4A /* Info.plist */,
			);
			path = jeffersonborges;
			sourceTree = "<group>";
		};
		ACDA6B62208E9E0E00026D4A /* jeffersonborgesTests */ = {
			isa = PBXGroup;
			children = (
				ACDA6B63208E9E0E00026D4A /* jeffersonborgesTests.swift */,
				ACDA6B65208E9E0E00026D4A /* Info.plist */,
			);
			path = jeffersonborgesTests;
			sourceTree = "<group>";
		};
		ACDA6B6D208E9E0E00026D4A /* jeffersonborgesUITests */ = {
			isa = PBXGroup;
			children = (
				ACDA6B6E208E9E0E00026D4A /* jeffersonborgesUITests.swift */,
				ACDA6B70208E9E0E00026D4A /* Info.plist */,
			);
			path = jeffersonborgesUITests;
			sourceTree = "<group>";
		};
/* End PBXGroup section */

/* Begin PBXNativeTarget section */
		ACDA6B4A208E9E0E00026D4A /* jeffersonborges */ = {
			isa = PBXNativeTarget;
			buildConfigurationList = ACDA6B73208E9E0E00026D4A /* Build configuration list for PBXNativeTarget "jeffersonborges" */;
			buildPhases = (
				ACDA6B47208E9E0E00026D4A /* Sources */,
				ACDA6B48208E9E0E00026D4A /* Frameworks */,
				ACDA6B49208E9E0E00026D4A /* Resources */,
			);
			buildRules = (
			);
			dependencies = (
			);
			name = jeffersonborges;
			productName = jeffersonborges;
			productReference = ACDA6B4B208E9E0E00026D4A /* jeffersonborges.app */;
			productType = "com.apple.product-type.application";
		};
		ACDA6B5E208E9E0E00026D4A /* jeffersonborgesTests */ = {
			isa = PBXNativeTarget;
			buildConfigurationList = ACDA6B76208E9E0E00026D4A /* Build configuration list for PBXNativeTarget "jeffersonborgesTests" */;
			buildPhases = (
				ACDA6B5B208E9E0E00026D4A /* Sources */,
				ACDA6B5C208E9E0E00026D4A /* Frameworks */,
				ACDA6B5D208E9E0E00026D4A /* Resources */,
			);
			buildRules = (
			);
			dependencies = (
				ACDA6B61208E9E0E00026D4A /* PBXTargetDependency */,
			);
			name = jeffersonborgesTests;
			productName = jeffersonborgesTests;
			productReference = ACDA6B5F208E9E0E00026D4A /* jeffersonborgesTests.xctest */;
			productType = "com.apple.product-type.bundle.unit-test";
		};
		ACDA6B69208E9E0E00026D4A /* jeffersonborgesUITests */ = {
			isa = PBXNativeTarget;
			buildConfigurationList = ACDA6B79208E9E0E00026D4A /* Build configuration list for PBXNativeTarget "jeffersonborgesUITests" */;
			buildPhases = (
				ACDA6B66208E9E0E00026D4A /* Sources */,
				ACDA6B67208E9E0E00026D4A /* Frameworks */,
				ACDA6B68208E9E0E00026D4A /* Resources */,
			);
			buildRules = (
			);
			dependencies = (
				ACDA6B6C208E9E0E00026D4A /* PBXTargetDependency */,
			);
			name = jeffersonborgesUITests;
			productName = jeffersonborgesUITests;
			productReference = ACDA6B6A208E9E0E00026D4A /* jeffersonborgesUITests.xctest */;
			productType = "com.apple.product-type.bundle.ui-testing";
		};
/* End PBXNativeTarget section */

/* Begin PBXProject section */
		ACDA6B43208E9E0E00026D4A /* Project object */ = {
			isa = PBXProject;
			attributes = {
				LastSwiftUpdateCheck = 0920;
				LastUpgradeCheck = 0920;
				ORGANIZATIONNAME = "Usuário Convidado";
				TargetAttributes = {
					ACDA6B4A208E9E0E00026D4A = {
						CreatedOnToolsVersion = 9.2;
						ProvisioningStyle = Automatic;
					};
					ACDA6B5E208E9E0E00026D4A = {
						CreatedOnToolsVersion = 9.2;
						ProvisioningStyle = Automatic;
						TestTargetID = ACDA6B4A208E9E0E00026D4A;
					};
					ACDA6B69208E9E0E00026D4A = {
						CreatedOnToolsVersion = 9.2;
						ProvisioningStyle = Automatic;
						TestTargetID = ACDA6B4A208E9E0E00026D4A;
					};
				};
			};
			buildConfigurationList = ACDA6B46208E9E0E00026D4A /* Build configuration list for PBXProject "jeffersonborges" */;
			compatibilityVersion = "Xcode 8.0";
			developmentRegion = en;
			hasScannedForEncodings = 0;
			knownRegions = (
				en,
				Base,
			);
			mainGroup = ACDA6B42208E9E0E00026D4A;
			productRefGroup = ACDA6B4C208E9E0E00026D4A /* Products */;
			projectDirPath = "";
			projectRoot = "";
			targets = (
				ACDA6B4A208E9E0E00026D4A /* jeffersonborges */,
				ACDA6B5E208E9E0E00026D4A /* jeffersonborgesTests */,
				ACDA6B69208E9E0E00026D4A /* jeffersonborgesUITests */,
			);
		};
/* End PBXProject section */

/* Begin PBXResourcesBuildPhase section */
		ACDA6B49208E9E0E00026D4A /* Resources */ = {
			isa = PBXResourcesBuildPhase;
			buildActionMask = 2147483647;
			files = (
				ACDA6B59208E9E0E00026D4A /* LaunchScreen.storyboard in Resources */,
				ACDA6B56208E9E0E00026D4A /* Assets.xcassets in Resources */,
				ACDA6B54208E9E0E00026D4A /* Main.storyboard in Resources */,
			);
			runOnlyForDeploymentPostprocessing = 0;
		};
		ACDA6B5D208E9E0E00026D4A /* Resources */ = {
			isa = PBXResourcesBuildPhase;
			buildActionMask = 2147483647;
			files = (
			);
			runOnlyForDeploymentPostprocessing = 0;
		};
		ACDA6B68208E9E0E00026D4A /* Resources */ = {
			isa = PBXResourcesBuildPhase;
			buildActionMask = 2147483647;
			files = (
			);
			runOnlyForDeploymentPostprocessing = 0;
		};
/* End PBXResourcesBuildPhase section */

/* Begin PBXSourcesBuildPhase section */
		ACDA6B47208E9E0E00026D4A /* Sources */ = {
			isa = PBXSourcesBuildPhase;
			buildActionMask = 2147483647;
			files = (
				ACDA6B51208E9E0E00026D4A /* ViewController.swift in Sources */,
				ACDA6B4F208E9E0E00026D4A /* AppDelegate.swift in Sources */,
			);
			runOnlyForDeploymentPostprocessing = 0;
		};
		ACDA6B5B208E9E0E00026D4A /* Sources */ = {
			isa = PBXSourcesBuildPhase;
			buildActionMask = 2147483647;
			files = (
				ACDA6B64208E9E0E00026D4A /* jeffersonborgesTests.swift in Sources */,
			);
			runOnlyForDeploymentPostprocessing = 0;
		};
		ACDA6B66208E9E0E00026D4A /* Sources */ = {
			isa = PBXSourcesBuildPhase;
			buildActionMask = 2147483647;
			files = (
				ACDA6B6F208E9E0E00026D4A /* jeffersonborgesUITests.swift in Sources */,
			);
			runOnlyForDeploymentPostprocessing = 0;
		};
/* End PBXSourcesBuildPhase section */

/* Begin PBXTargetDependency section */
		ACDA6B61208E9E0E00026D4A /* PBXTargetDependency */ = {
			isa = PBXTargetDependency;
			target = ACDA6B4A208E9E0E00026D4A /* jeffersonborges */;
			targetProxy = ACDA6B60208E9E0E00026D4A /* PBXContainerItemProxy */;
		};
		ACDA6B6C208E9E0E00026D4A /* PBXTargetDependency */ = {
			isa = PBXTargetDependency;
			target = ACDA6B4A208E9E0E00026D4A /* jeffersonborges */;
			targetProxy = ACDA6B6B208E9E0E00026D4A /* PBXContainerItemProxy */;
		};
/* End PBXTargetDependency section */

/* Begin PBXVariantGroup section */
		ACDA6B52208E9E0E00026D4A /* Main.storyboard */ = {
			isa = PBXVariantGroup;
			children = (
				ACDA6B53208E9E0E00026D4A /* Base */,
			);
			name = Main.storyboard;
			sourceTree = "<group>";
		};
		ACDA6B57208E9E0E00026D4A /* LaunchScreen.storyboard */ = {
			isa = PBXVariantGroup;
			children = (
				ACDA6B58208E9E0E00026D4A /* Base */,
			);
			name = LaunchScreen.storyboard;
			sourceTree = "<group>";
		};
/* End PBXVariantGroup section */

/* Begin XCBuildConfiguration section */
		ACDA6B71208E9E0E00026D4A /* Debug */ = {
			isa = XCBuildConfiguration;
			buildSettings = {
				ALWAYS_SEARCH_USER_PATHS = NO;
				CLANG_ANALYZER_NONNULL = YES;
				CLANG_ANALYZER_NUMBER_OBJECT_CONVERSION = YES_AGGRESSIVE;
				CLANG_CXX_LANGUAGE_STANDARD = "gnu++14";
				CLANG_CXX_LIBRARY = "libc++";
				CLANG_ENABLE_MODULES = YES;
				CLANG_ENABLE_OBJC_ARC = YES;
				CLANG_WARN_BLOCK_CAPTURE_AUTORELEASING = YES;
				CLANG_WARN_BOOL_CONVERSION = YES;
				CLANG_WARN_COMMA = YES;
				CLANG_WARN_CONSTANT_CONVERSION = YES;
				CLANG_WARN_DIRECT_OBJC_ISA_USAGE = YES_ERROR;
				CLANG_WARN_DOCUMENTATION_COMMENTS = YES;
				CLANG_WARN_EMPTY_BODY = YES;
				CLANG_WARN_ENUM_CONVERSION = YES;
				CLANG_WARN_INFINITE_RECURSION = YES;
				CLANG_WARN_INT_CONVERSION = YES;
				CLANG_WARN_NON_LITERAL_NULL_CONVERSION = YES;
				CLANG_WARN_OBJC_LITERAL_CONVERSION = YES;
				CLANG_WARN_OBJC_ROOT_CLASS = YES_ERROR;
				CLANG_WARN_RANGE_LOOP_ANALYSIS = YES;
				CLANG_WARN_STRICT_PROTOTYPES = YES;
				CLANG_WARN_SUSPICIOUS_MOVE = YES;
				CLANG_WARN_UNGUARDED_AVAILABILITY = YES_AGGRESSIVE;
				CLANG_WARN_UNREACHABLE_CODE = YES;
				CLANG_WARN__DUPLICATE_METHOD_MATCH = YES;
				CODE_SIGN_IDENTITY = "iPhone Developer";
				COPY_PHASE_STRIP = NO;
				DEBUG_INFORMATION_FORMAT = dwarf;
				ENABLE_STRICT_OBJC_MSGSEND = YES;
				ENABLE_TESTABILITY = YES;
				GCC_C_LANGUAGE_STANDARD = gnu11;
				GCC_DYNAMIC_NO_PIC = NO;
				GCC_NO_COMMON_BLOCKS = YES;
				GCC_OPTIMIZATION_LEVEL = 0;
				GCC_PREPROCESSOR_DEFINITIONS = (
					"DEBUG=1",
					"$(inherited)",
				);
				GCC_WARN_64_TO_32_BIT_CONVERSION = YES;
				GCC_WARN_ABOUT_RETURN_TYPE = YES_ERROR;
				GCC_WARN_UNDECLARED_SELECTOR = YES;
				GCC_WARN_UNINITIALIZED_AUTOS = YES_AGGRESSIVE;
				GCC_WARN_UNUSED_FUNCTION = YES;
				GCC_WARN_UNUSED_VARIABLE = YES;
				IPHONEOS_DEPLOYMENT_TARGET = 11.2;
				MTL_ENABLE_DEBUG_INFO = YES;
				ONLY_ACTIVE_ARCH = YES;
				SDKROOT = iphoneos;
				SWIFT_ACTIVE_COMPILATION_CONDITIONS = DEBUG;
				SWIFT_OPTIMIZATION_LEVEL = "-Onone";
			};
			name = Debug;
		};
		ACDA6B72208E9E0E00026D4A /* Release */ = {
			isa = XCBuildConfiguration;
			buildSettings = {
				ALWAYS_SEARCH_USER_PATHS = NO;
				CLANG_ANALYZER_NONNULL = YES;
				CLANG_ANALYZER_NUMBER_OBJECT_CONVERSION = YES_AGGRESSIVE;
				CLANG_CXX_LANGUAGE_STANDARD = "gnu++14";
				CLANG_CXX_LIBRARY = "libc++";
				CLANG_ENABLE_MODULES = YES;
				CLANG_ENABLE_OBJC_ARC = YES;
				CLANG_WARN_BLOCK_CAPTURE_AUTORELEASING = YES;
				CLANG_WARN_BOOL_CONVERSION = YES;
				CLANG_WARN_COMMA = YES;
				CLANG_WARN_CONSTANT_CONVERSION = YES;
				CLANG_WARN_DIRECT_OBJC_ISA_USAGE = YES_ERROR;
				CLANG_WARN_DOCUMENTATION_COMMENTS = YES;
				CLANG_WARN_EMPTY_BODY = YES;
				CLANG_WARN_ENUM_CONVERSION = YES;
				CLANG_WARN_INFINITE_RECURSION = YES;
				CLANG_WARN_INT_CONVERSION = YES;
				CLANG_WARN_NON_LITERAL_NULL_CONVERSION = YES;
				CLANG_WARN_OBJC_LITERAL_CONVERSION = YES;
				CLANG_WARN_OBJC_ROOT_CLASS = YES_ERROR;
				CLANG_WARN_RANGE_LOOP_ANALYSIS = YES;
				CLANG_WARN_STRICT_PROTOTYPES = YES;
				CLANG_WARN_SUSPICIOUS_MOVE = YES;
				CLANG_WARN_UNGUARDED_AVAILABILITY = YES_AGGRESSIVE;
				CLANG_WARN_UNREACHABLE_CODE = YES;
				CLANG_WARN__DUPLICATE_METHOD_MATCH = YES;
				CODE_SIGN_IDENTITY = "iPhone Developer";
				COPY_PHASE_STRIP = NO;
				DEBUG_INFORMATION_FORMAT = "dwarf-with-dsym";
				ENABLE_NS_ASSERTIONS = NO;
				ENABLE_STRICT_OBJC_MSGSEND = YES;
				GCC_C_LANGUAGE_STANDARD = gnu11;
				GCC_NO_COMMON_BLOCKS = YES;
				GCC_WARN_64_TO_32_BIT_CONVERSION = YES;
				GCC_WARN_ABOUT_RETURN_TYPE = YES_ERROR;
				GCC_WARN_UNDECLARED_SELECTOR = YES;
				GCC_WARN_UNINITIALIZED_AUTOS = YES_AGGRESSIVE;
				GCC_WARN_UNUSED_FUNCTION = YES;
				GCC_WARN_UNUSED_VARIABLE = YES;
				IPHONEOS_DEPLOYMENT_TARGET = 11.2;
				MTL_ENABLE_DEBUG_INFO = NO;
				SDKROOT = iphoneos;
				SWIFT_OPTIMIZATION_LEVEL = "-Owholemodule";
				VALIDATE_PRODUCT = YES;
			};
			name = Release;
		};
		ACDA6B74208E9E0E00026D4A /* Debug */ = {
			isa = XCBuildConfiguration;
			buildSettings = {
				ASSETCATALOG_COMPILER_APPICON_NAME = AppIcon;
				CODE_SIGN_STYLE = Automatic;
				INFOPLIST_FILE = jeffersonborges/Info.plist;
				LD_RUNPATH_SEARCH_PATHS = "$(inherited) @executable_path/Frameworks";
				PRODUCT_BUNDLE_IDENTIFIER = jborges.com.br.jeffersonborges;
				PRODUCT_NAME = "$(TARGET_NAME)";
				SWIFT_VERSION = 4.0;
				TARGETED_DEVICE_FAMILY = "1,2";
			};
			name = Debug;
		};
		ACDA6B75208E9E0E00026D4A /* Release */ = {
			isa = XCBuildConfiguration;
			buildSettings = {
				ASSETCATALOG_COMPILER_APPICON_NAME = AppIcon;
				CODE_SIGN_STYLE = Automatic;
				INFOPLIST_FILE = jeffersonborges/Info.plist;
				LD_RUNPATH_SEARCH_PATHS = "$(inherited) @executable_path/Frameworks";
				PRODUCT_BUNDLE_IDENTIFIER = jborges.com.br.jeffersonborges;
				PRODUCT_NAME = "$(TARGET_NAME)";
				SWIFT_VERSION = 4.0;
				TARGETED_DEVICE_FAMILY = "1,2";
			};
			name = Release;
		};
		ACDA6B77208E9E0E00026D4A /* Debug */ = {
			isa = XCBuildConfiguration;
			buildSettings = {
				ALWAYS_EMBED_SWIFT_STANDARD_LIBRARIES = YES;
				BUNDLE_LOADER = "$(TEST_HOST)";
				CODE_SIGN_STYLE = Automatic;
				INFOPLIST_FILE = jeffersonborgesTests/Info.plist;
				LD_RUNPATH_SEARCH_PATHS = "$(inherited) @executable_path/Frameworks @loader_path/Frameworks";
				PRODUCT_BUNDLE_IDENTIFIER = jborges.com.br.jeffersonborgesTests;
				PRODUCT_NAME = "$(TARGET_NAME)";
				SWIFT_VERSION = 4.0;
				TARGETED_DEVICE_FAMILY = "1,2";
				TEST_HOST = "$(BUILT_PRODUCTS_DIR)/jeffersonborges.app/jeffersonborges";
			};
			name = Debug;
		};
		ACDA6B78208E9E0E00026D4A /* Release */ = {
			isa = XCBuildConfiguration;
			buildSettings = {
				ALWAYS_EMBED_SWIFT_STANDARD_LIBRARIES = YES;
				BUNDLE_LOADER = "$(TEST_HOST)";
				CODE_SIGN_STYLE = Automatic;
				INFOPLIST_FILE = jeffersonborgesTests/Info.plist;
				LD_RUNPATH_SEARCH_PATHS = "$(inherited) @executable_path/Frameworks @loader_path/Frameworks";
				PRODUCT_BUNDLE_IDENTIFIER = jborges.com.br.jeffersonborgesTests;
				PRODUCT_NAME = "$(TARGET_NAME)";
				SWIFT_VERSION = 4.0;
				TARGETED_DEVICE_FAMILY = "1,2";
				TEST_HOST = "$(BUILT_PRODUCTS_DIR)/jeffersonborges.app/jeffersonborges";
			};
			name = Release;
		};
		ACDA6B7A208E9E0E00026D4A /* Debug */ = {
			isa = XCBuildConfiguration;
			buildSettings = {
				ALWAYS_EMBED_SWIFT_STANDARD_LIBRARIES = YES;
				CODE_SIGN_STYLE = Automatic;
				INFOPLIST_FILE = jeffersonborgesUITests/Info.plist;
				LD_RUNPATH_SEARCH_PATHS = "$(inherited) @executable_path/Frameworks @loader_path/Frameworks";
				PRODUCT_BUNDLE_IDENTIFIER = jborges.com.br.jeffersonborgesUITests;
				PRODUCT_NAME = "$(TARGET_NAME)";
				SWIFT_VERSION = 4.0;
				TARGETED_DEVICE_FAMILY = "1,2";
				TEST_TARGET_NAME = jeffersonborges;
			};
			name = Debug;
		};
		ACDA6B7B208E9E0E00026D4A /* Release */ = {
			isa = XCBuildConfiguration;
			buildSettings = {
				ALWAYS_EMBED_SWIFT_STANDARD_LIBRARIES = YES;
				CODE_SIGN_STYLE = Automatic;
				INFOPLIST_FILE = jeffersonborgesUITests/Info.plist;
				LD_RUNPATH_SEARCH_PATHS = "$(inherited) @executable_path/Frameworks @loader_path/Frameworks";
				PRODUCT_BUNDLE_IDENTIFIER = jborges.com.br.jeffersonborgesUITests;
				PRODUCT_NAME = "$(TARGET_NAME)";
				SWIFT_VERSION = 4.0;
				TARGETED_DEVICE_FAMILY = "1,2";
				TEST_TARGET_NAME = jeffersonborges;
			};
			name = Release;
		};
/* End XCBuildConfiguration section */

/* Begin XCConfigurationList section */
		ACDA6B46208E9E0E00026D4A /* Build configuration list for PBXProject "jeffersonborges" */ = {
			isa = XCConfigurationList;
			buildConfigurations = (
				ACDA6B71208E9E0E00026D4A /* Debug */,
				ACDA6B72208E9E0E00026D4A /* Release */,
			);
			defaultConfigurationIsVisible = 0;
			defaultConfigurationName = Release;
		};
		ACDA6B73208E9E0E00026D4A /* Build configuration list for PBXNativeTarget "jeffersonborges" */ = {
			isa = XCConfigurationList;
			buildConfigurations = (
				ACDA6B74208E9E0E00026D4A /* Debug */,
				ACDA6B75208E9E0E00026D4A /* Release */,
			);
			defaultConfigurationIsVisible = 0;
			defaultConfigurationName = Release;
		};
		ACDA6B76208E9E0E00026D4A /* Build configuration list for PBXNativeTarget "jeffersonborgesTests" */ = {
			isa = XCConfigurationList;
			buildConfigurations = (
				ACDA6B77208E9E0E00026D4A /* Debug */,
				ACDA6B78208E9E0E00026D4A /* Release */,
			);
			defaultConfigurationIsVisible = 0;
			defaultConfigurationName = Release;
		};
		ACDA6B79208E9E0E00026D4A /* Build configuration list for PBXNativeTarget "jeffersonborgesUITests" */ = {
			isa = XCConfigurationList;
			buildConfigurations = (
				ACDA6B7A208E9E0E00026D4A /* Debug */,
				ACDA6B7B208E9E0E00026D4A /* Release */,
			);
			defaultConfigurationIsVisible = 0;
			defaultConfigurationName = Release;
		};
/* End XCConfigurationList section */
	};
	rootObject = ACDA6B43208E9E0E00026D4A /* Project object */;
}
